
Microsoft Visual Studio Solution File, Format Version 12.00
# Visual Studio Version 17
VisualStudioVersion = 17.3.32922.545
MinimumVisualStudioVersion = 10.0.40219.1
Project("{FAE04EC0-301F-11D3-BF4B-00C04F79EFBC}") = "LektionOvning", "LektionOvning\LektionOvning.csproj", "{5A12227D-431D-46D2-A849-C7B6657ADE7C}"
EndProject
Global
	GlobalSection(SolutionConfigurationPlatforms) = preSolution
		Debug|Any CPU = Debug|Any CPU
		Release|Any CPU = Release|Any CPU
	EndGlobalSection
	GlobalSection(ProjectConfigurationPlatforms) = postSolution
		{5A12227D-431D-46D2-A849-C7B6657ADE7C}.Debug|Any CPU.ActiveCfg = Debug|Any CPU
		{5A12227D-431D-46D2-A849-C7B6657ADE7C}.Debug|Any CPU.Build.0 = Debug|Any CPU
		{5A12227D-431D-46D2-A849-C7B6657ADE7C}.Release|Any CPU.ActiveCfg = Release|Any CPU
		{5A12227D-431D-46D2-A849-C7B6657ADE7C}.Release|Any CPU.Build.0 = Release|Any CPU
	EndGlobalSection
	GlobalSection(SolutionProperties) = preSolution
		HideSolutionNode = FALSE
	EndGlobalSection
	GlobalSection(ExtensibilityGlobals) = postSolution
		SolutionGuid = {70C214B8-6B33-42B5-9D38-29B391DB3716}
	EndGlobalSection
EndGlobal
